speakeasyVersion: 1.763.4
sources:
    Gr4vy:
        sourceNamespace: openapi
        sourceRevisionDigest: sha256:86d73caf7e6f0358c51f775ae84aa3d5298d1c35f8a145ade534ce73fa5d3d3a
        sourceBlobDigest: sha256:c40be85dbb3e03fdac0ebc0e969f25be6124ede6c25b94562b49a5e0cd7f6ad6
        tags:
            - latest
            - 1.0.0
    openapi:
        sourceNamespace: openapi
        sourceRevisionDigest: sha256:407112edcd30b4d16345c77c89fa23e246ed4df104f770baf74033f4231a0fe1
        sourceBlobDigest: sha256:0046f3fcbf6f33e6a191a469ccd46ea80271563136158f8625cda57a26876495
        tags:
            - latest
            - 1.0.0
targets:
    gr-4-vy:
        source: Gr4vy
        sourceNamespace: gr-4-vy
        sourceRevisionDigest: sha256:3f338bfcf03dc04145ad3dca56c3354bffb54a671d80a1ce8fb1388b13718cb9
        sourceBlobDigest: sha256:c40be85dbb3e03fdac0ebc0e969f25be6124ede6c25b94562b49a5e0cd7f6ad6
        codeSamplesNamespace: gr-4-vy-java-code-samples
        codeSamplesRevisionDigest: sha256:f79c15417323cbccf724cdab468431afb8887a9c0a72ca2398c3b343c8c8862f
    java:
        source: openapi
        sourceNamespace: openapi
        sourceRevisionDigest: sha256:407112edcd30b4d16345c77c89fa23e246ed4df104f770baf74033f4231a0fe1
        sourceBlobDigest: sha256:0046f3fcbf6f33e6a191a469ccd46ea80271563136158f8625cda57a26876495
        codeSamplesNamespace: openapi-java-code-samples
        codeSamplesRevisionDigest: sha256:90e40c26c2a8a9745718d3802c9d85efbb2879f5bf35639b2f3d958a1a4a0633
workflow:
    workflowVersion: 1.0.0
    speakeasyVersion: latest
    sources:
        openapi:
            inputs:
                - location: https://gr4vy.github.io/openapi/core/openapi.json
            overlays:
                - location: ./.speakeasy/overlays/servers.yaml
                - location: ./.speakeasy/overlays/security.yaml
                - location: ./.speakeasy/overlays/enums.yaml
                - location: ./.speakeasy/overlays/retries.yaml
                - location: ./.speakeasy/overlays/mid-global.yaml
                - location: ./.speakeasy/overlays/fix-base-model.yaml
                - location: ./.speakeasy/overlays/fix-checkout-session-body.yaml
                - location: ./.speakeasy/overlays/fix-remove-unwanted-headers.yaml
                - location: ./.speakeasy/overlays/fix-add-x-forwarded-for-header.yaml
            registry:
                location: registry.speakeasyapi.dev/gr4vy/gr4vy/openapi
    targets:
        java:
            target: java
            source: openapi
            publish:
                java:
                    ossrhUsername: $ossrh_username
                    ossrhPassword: $ossrh_password
                    gpgSecretKey: $java_gpg_secret_key
                    gpgPassPhrase: $java_gpg_passphrase
            codeSamples:
                registry:
                    location: registry.speakeasyapi.dev/gr4vy/gr4vy/openapi-java-code-samples
                labelOverride:
                    fixedValue: Java
                blocking: false
